
Microsoft Visual Studio Solution File, Format Version 12.00
# Visual Studio 15
VisualStudioVersion = 15.0.28010.2003
MinimumVisualStudioVersion = 10.0.40219.1
Project("{2150E333-8FDC-42A3-9474-1A3956D46DE8}") = "Docs", "Docs", "{4B48008D-2C4B-4164-8592-E1ABCDC63CB4}"
	ProjectSection(SolutionItems) = preProject
		Docs\readme.txt = Docs\readme.txt
	EndProjectSection
EndProject
Project("{2150E333-8FDC-42A3-9474-1A3956D46DE8}") = "Src", "Src", "{425CDD1A-E9C4-4118-ABBA-50300AA3D237}"
EndProject
Project("{2150E333-8FDC-42A3-9474-1A3956D46DE8}") = "Tests", "Tests", "{3CA70EA6-B6FD-48B4-9A02-3A46D52D45FD}"
EndProject
Project("{2150E333-8FDC-42A3-9474-1A3956D46DE8}") = "Common", "Common", "{B1119DD6-4AA2-45A8-9031-DB234B64FEA1}"
EndProject
Project("{2150E333-8FDC-42A3-9474-1A3956D46DE8}") = "Core", "Core", "{AC3A863D-738A-4AA3-BFFA-A5D3B8E01834}"
EndProject
Project("{2150E333-8FDC-42A3-9474-1A3956D46DE8}") = "Infrastructure", "Infrastructure", "{23E4041E-3289-4EE2-88C3-E108E9201C73}"
EndProject
Project("{2150E333-8FDC-42A3-9474-1A3956D46DE8}") = "Presentation", "Presentation", "{3970C20C-0A3D-4A5A-8D66-4DD5B00E2BB4}"
EndProject
Project("{FAE04EC0-301F-11D3-BF4B-00C04F79EFBC}") = "F.Common", "Src\Common\F.Common\F.Common.csproj", "{6AE5A668-0E9D-465E-8E95-80CE5DFCAE97}"
EndProject
Project("{FAE04EC0-301F-11D3-BF4B-00C04F79EFBC}") = "F.Application", "Src\Core\F.Application\F.Application.csproj", "{7675E6E6-F08F-4B85-8325-673C446B28F2}"
EndProject
Project("{FAE04EC0-301F-11D3-BF4B-00C04F79EFBC}") = "F.Domain", "Src\Core\F.Domain\F.Domain.csproj", "{BE88FA93-D25F-474D-9BF8-6E632F16353C}"
EndProject
Project("{FAE04EC0-301F-11D3-BF4B-00C04F79EFBC}") = "F.Infrastructure", "Src\Infrastructure\F.Infrastructure\F.Infrastructure.csproj", "{96A86ED5-B1B7-4733-A526-868BA78004E2}"
EndProject
Project("{FAE04EC0-301F-11D3-BF4B-00C04F79EFBC}") = "F.Persistence", "Src\Infrastructure\F.Persistence\F.Persistence.csproj", "{44342181-E821-468B-933D-0447BEB8E1FD}"
EndProject
Project("{FAE04EC0-301F-11D3-BF4B-00C04F79EFBC}") = "F.WebUI", "Src\Presentation\F.WebUI\F.WebUI.csproj", "{D30D2F19-4B3C-4D98-8633-F10C10D64FDE}"
EndProject
Project("{FAE04EC0-301F-11D3-BF4B-00C04F79EFBC}") = "F.Application.Tests", "Tests\F.Application.Tests\F.Application.Tests.csproj", "{FD191F24-7118-4DCA-8FD2-86BE0D661DEE}"
EndProject
Project("{FAE04EC0-301F-11D3-BF4B-00C04F79EFBC}") = "F.Domain.Tests", "Tests\F.Domain.Tests\F.Domain.Tests.csproj", "{C1B050FE-B8DD-4BBE-BE2B-356BBDA9E6B4}"
EndProject
Global
	GlobalSection(SolutionConfigurationPlatforms) = preSolution
		Debug|Any CPU = Debug|Any CPU
		Release|Any CPU = Release|Any CPU
	EndGlobalSection
	GlobalSection(ProjectConfigurationPlatforms) = postSolution
		{6AE5A668-0E9D-465E-8E95-80CE5DFCAE97}.Debug|Any CPU.ActiveCfg = Debug|Any CPU
		{6AE5A668-0E9D-465E-8E95-80CE5DFCAE97}.Debug|Any CPU.Build.0 = Debug|Any CPU
		{6AE5A668-0E9D-465E-8E95-80CE5DFCAE97}.Release|Any CPU.ActiveCfg = Release|Any CPU
		{6AE5A668-0E9D-465E-8E95-80CE5DFCAE97}.Release|Any CPU.Build.0 = Release|Any CPU
		{7675E6E6-F08F-4B85-8325-673C446B28F2}.Debug|Any CPU.ActiveCfg = Debug|Any CPU
		{7675E6E6-F08F-4B85-8325-673C446B28F2}.Debug|Any CPU.Build.0 = Debug|Any CPU
		{7675E6E6-F08F-4B85-8325-673C446B28F2}.Release|Any CPU.ActiveCfg = Release|Any CPU
		{7675E6E6-F08F-4B85-8325-673C446B28F2}.Release|Any CPU.Build.0 = Release|Any CPU
		{BE88FA93-D25F-474D-9BF8-6E632F16353C}.Debug|Any CPU.ActiveCfg = Debug|Any CPU
		{BE88FA93-D25F-474D-9BF8-6E632F16353C}.Debug|Any CPU.Build.0 = Debug|Any CPU
		{BE88FA93-D25F-474D-9BF8-6E632F16353C}.Release|Any CPU.ActiveCfg = Release|Any CPU
		{BE88FA93-D25F-474D-9BF8-6E632F16353C}.Release|Any CPU.Build.0 = Release|Any CPU
		{96A86ED5-B1B7-4733-A526-868BA78004E2}.Debug|Any CPU.ActiveCfg = Debug|Any CPU
		{96A86ED5-B1B7-4733-A526-868BA78004E2}.Debug|Any CPU.Build.0 = Debug|Any CPU
		{96A86ED5-B1B7-4733-A526-868BA78004E2}.Release|Any CPU.ActiveCfg = Release|Any CPU
		{96A86ED5-B1B7-4733-A526-868BA78004E2}.Release|Any CPU.Build.0 = Release|Any CPU
		{44342181-E821-468B-933D-0447BEB8E1FD}.Debug|Any CPU.ActiveCfg = Debug|Any CPU
		{44342181-E821-468B-933D-0447BEB8E1FD}.Debug|Any CPU.Build.0 = Debug|Any CPU
		{44342181-E821-468B-933D-0447BEB8E1FD}.Release|Any CPU.ActiveCfg = Release|Any CPU
		{44342181-E821-468B-933D-0447BEB8E1FD}.Release|Any CPU.Build.0 = Release|Any CPU
		{D30D2F19-4B3C-4D98-8633-F10C10D64FDE}.Debug|Any CPU.ActiveCfg = Debug|Any CPU
		{D30D2F19-4B3C-4D98-8633-F10C10D64FDE}.Debug|Any CPU.Build.0 = Debug|Any CPU
		{D30D2F19-4B3C-4D98-8633-F10C10D64FDE}.Release|Any CPU.ActiveCfg = Release|Any CPU
		{D30D2F19-4B3C-4D98-8633-F10C10D64FDE}.Release|Any CPU.Build.0 = Release|Any CPU
		{FD191F24-7118-4DCA-8FD2-86BE0D661DEE}.Debug|Any CPU.ActiveCfg = Debug|Any CPU
		{FD191F24-7118-4DCA-8FD2-86BE0D661DEE}.Debug|Any CPU.Build.0 = Debug|Any CPU
		{FD191F24-7118-4DCA-8FD2-86BE0D661DEE}.Release|Any CPU.ActiveCfg = Release|Any CPU
		{FD191F24-7118-4DCA-8FD2-86BE0D661DEE}.Release|Any CPU.Build.0 = Release|Any CPU
		{C1B050FE-B8DD-4BBE-BE2B-356BBDA9E6B4}.Debug|Any CPU.ActiveCfg = Debug|Any CPU
		{C1B050FE-B8DD-4BBE-BE2B-356BBDA9E6B4}.Debug|Any CPU.Build.0 = Debug|Any CPU
		{C1B050FE-B8DD-4BBE-BE2B-356BBDA9E6B4}.Release|Any CPU.ActiveCfg = Release|Any CPU
		{C1B050FE-B8DD-4BBE-BE2B-356BBDA9E6B4}.Release|Any CPU.Build.0 = Release|Any CPU
	EndGlobalSection
	GlobalSection(SolutionProperties) = preSolution
		HideSolutionNode = FALSE
	EndGlobalSection
	GlobalSection(NestedProjects) = preSolution
		{B1119DD6-4AA2-45A8-9031-DB234B64FEA1} = {425CDD1A-E9C4-4118-ABBA-50300AA3D237}
		{AC3A863D-738A-4AA3-BFFA-A5D3B8E01834} = {425CDD1A-E9C4-4118-ABBA-50300AA3D237}
		{23E4041E-3289-4EE2-88C3-E108E9201C73} = {425CDD1A-E9C4-4118-ABBA-50300AA3D237}
		{3970C20C-0A3D-4A5A-8D66-4DD5B00E2BB4} = {425CDD1A-E9C4-4118-ABBA-50300AA3D237}
		{6AE5A668-0E9D-465E-8E95-80CE5DFCAE97} = {B1119DD6-4AA2-45A8-9031-DB234B64FEA1}
		{7675E6E6-F08F-4B85-8325-673C446B28F2} = {AC3A863D-738A-4AA3-BFFA-A5D3B8E01834}
		{BE88FA93-D25F-474D-9BF8-6E632F16353C} = {AC3A863D-738A-4AA3-BFFA-A5D3B8E01834}
		{96A86ED5-B1B7-4733-A526-868BA78004E2} = {23E4041E-3289-4EE2-88C3-E108E9201C73}
		{44342181-E821-468B-933D-0447BEB8E1FD} = {23E4041E-3289-4EE2-88C3-E108E9201C73}
		{D30D2F19-4B3C-4D98-8633-F10C10D64FDE} = {3970C20C-0A3D-4A5A-8D66-4DD5B00E2BB4}
		{FD191F24-7118-4DCA-8FD2-86BE0D661DEE} = {3CA70EA6-B6FD-48B4-9A02-3A46D52D45FD}
		{C1B050FE-B8DD-4BBE-BE2B-356BBDA9E6B4} = {3CA70EA6-B6FD-48B4-9A02-3A46D52D45FD}
	EndGlobalSection
	GlobalSection(ExtensibilityGlobals) = postSolution
		SolutionGuid = {DE1F32C8-D8CE-46DB-A73E-8B751F5191A7}
	EndGlobalSection
EndGlobal
